{
  "nodes": {
    "invokeai-repo": {
      "flake": false,
      "locked": {
        "lastModified": 1677475057,
        "narHash": "sha256-REtyVcyRgspn1yYvB4vIHdOrPRZRNSSraepHik9MfgE=",
        "owner": "invoke-ai",
        "repo": "InvokeAI",
        "rev": "650f4bb58ceca458bff1410f35cd6d6caad399c6",
        "type": "github"
      },
      "original": {
        "owner": "invoke-ai",
        "ref": "v2.3.1.post2",
        "repo": "InvokeAI",
        "type": "github"
      }
    },
    "nixlib": {
      "locked": {
        "lastModified": 1677373009,
        "narHash": "sha256-kxhz4QUP8tXa/yVSpEzDDZSEp9FvhzRqZzb+SeUaekw=",
        "owner": "nix-community",
        "repo": "nixpkgs.lib",
        "rev": "c9d4f2476046c6a7a2ce3c2118c48455bf0272ea",
        "type": "github"
      },
      "original": {
        "owner": "nix-community",
        "repo": "nixpkgs.lib",
        "type": "github"
      }
    },
    "nixpkgs": {
      "locked": {
        "lastModified": 1677998232,
        "narHash": "sha256-gZj+aQIlLjNlmEBtZDUHsL07VTXZ4haMQuVTc4Zw0y4=",
        "owner": "NixOS",
        "repo": "nixpkgs",
        "rev": "6360be075539647669cf0a09fbda9f8fdae627d8",
        "type": "github"
      },
      "original": {
        "owner": "NixOS",
        "repo": "nixpkgs",
        "type": "github"
      }
    },
    "root": {
      "inputs": {
        "invokeai-repo": "invokeai-repo",
        "nixlib": "nixlib",
        "nixpkgs": "nixpkgs",
        "stable-diffusion-repo": "stable-diffusion-repo",
        "webui-repo": "webui-repo"
      }
    },
    "stable-diffusion-repo": {
      "flake": false,
      "locked": {
        "lastModified": 1669389446,
        "narHash": "sha256-F0B6h/+Ji/E821KyylcLQb2e8W4LctByGMa88feADtU=",
        "owner": "Stability-AI",
        "repo": "stablediffusion",
        "rev": "47b6b607fdd31875c9279cd2f4f16b92e4ea958e",
        "type": "github"
      },
      "original": {
        "owner": "Stability-AI",
        "repo": "stablediffusion",
        "rev": "47b6b607fdd31875c9279cd2f4f16b92e4ea958e",
        "type": "github"
      }
    },
    "webui-repo": {
      "flake": false,
      "locked": {
        "narHash": "sha256-L5aYKZl2NZgH+Ikddz9mZRvejhsa7N7svt2Rfi/DFL4=",
        "type": "file",
        "url": "https://github.com/gbtb/stable-diffusion-webui"
      },
      "original": {
        "type": "file",
        "url": "https://github.com/gbtb/stable-diffusion-webui"
      }
    }
  },
  "root": "root",
  "version": 7
}
