{
  "nodes": {
    "invokeai-repo": {
      "flake": false,
      "locked": {
        "lastModified": 1693503293,
        "narHash": "sha256-Lv0k06odM+GiUjAAl07pVXtPo/VM9WlwS345ArIbVCI=",
        "owner": "invoke-ai",
        "repo": "InvokeAI",
        "rev": "a74e2108bbade39a3de3589697df21019181f137",
        "type": "github"
      },
      "original": {
        "owner": "invoke-ai",
        "ref": "v3.1.0",
        "repo": "InvokeAI",
        "type": "github"
      }
    },
    "nixlib": {
      "locked": {
        "lastModified": 1677373009,
        "narHash": "sha256-kxhz4QUP8tXa/yVSpEzDDZSEp9FvhzRqZzb+SeUaekw=",
        "owner": "nix-community",
        "repo": "nixpkgs.lib",
        "rev": "c9d4f2476046c6a7a2ce3c2118c48455bf0272ea",
        "type": "github"
      },
      "original": {
        "owner": "nix-community",
        "repo": "nixpkgs.lib",
        "type": "github"
      }
    },
    "nixpkgs": {
      "locked": {
        "lastModified": 1677998232,
        "narHash": "sha256-gZj+aQIlLjNlmEBtZDUHsL07VTXZ4haMQuVTc4Zw0y4=",
        "owner": "NixOS",
        "repo": "nixpkgs",
        "rev": "6360be075539647669cf0a09fbda9f8fdae627d8",
        "type": "github"
      },
      "original": {
        "owner": "NixOS",
        "repo": "nixpkgs",
        "type": "github"
      }
    },
    "root": {
      "inputs": {
        "invokeai-repo": "invokeai-repo",
        "nixlib": "nixlib",
        "nixpkgs": "nixpkgs",
        "stable-diffusion-repo": "stable-diffusion-repo",
        "webui-repo": "webui-repo"
      }
    },
    "stable-diffusion-repo": {
      "flake": false,
      "locked": {
        "lastModified": 1669389446,
        "narHash": "sha256-F0B6h/+Ji/E821KyylcLQb2e8W4LctByGMa88feADtU=",
        "owner": "Stability-AI",
        "repo": "stablediffusion",
        "rev": "47b6b607fdd31875c9279cd2f4f16b92e4ea958e",
        "type": "github"
      },
      "original": {
        "owner": "Stability-AI",
        "repo": "stablediffusion",
        "rev": "47b6b607fdd31875c9279cd2f4f16b92e4ea958e",
        "type": "github"
      }
    },
    "webui-repo": {
      "flake": false,
      "locked": {
        "lastModified": 1679138564,
        "narHash": "sha256-h7VGcH35Pd3TAVNpNB2scqZAp0NTi7swl+l43GhvcI0=",
        "owner": "gbtb",
        "repo": "stable-diffusion-webui",
        "rev": "bc7e54010c9781ae2d5ceb230a1ab5bfc8ba2ffe",
        "type": "github"
      },
      "original": {
        "owner": "gbtb",
        "repo": "stable-diffusion-webui",
        "type": "github"
      }
    }
  },
  "root": "root",
  "version": 7
}
